// !$*UTF8*$!
{
	archiveVersion = 1;
	classes = {
	};
	objectVersion = 77;
	objects = {

/* Begin PBXBuildFile section */
		3ECB17B62F2E26D900B28404 /* AdblockApp.swift in Sources */ = {isa = PBXBuildFile; fileRef = 3ECB17B22F2E26D900B28404 /* AdblockApp.swift */; };
		3ECB17B72F2E26D900B28404 /* TapBarView.swift in Sources */ = {isa = PBXBuildFile; fileRef = 3ECB17B42F2E26D900B28404 /* TapBarView.swift */; };
		3ECB17B82F2E26D900B28404 /* Assets.xcassets in Resources */ = {isa = PBXBuildFile; fileRef = 3ECB17B32F2E26D900B28404 /* Assets.xcassets */; };
		3ECB17BC2F2E271200B28404 /* GeneralView.swift in Sources */ = {isa = PBXBuildFile; fileRef = 3ECB17BB2F2E271200B28404 /* GeneralView.swift */; };
		3ECB17BE2F2E272600B28404 /* CustomView.swift in Sources */ = {isa = PBXBuildFile; fileRef = 3ECB17BD2F2E272600B28404 /* CustomView.swift */; };
		3ECB17C22F2E36D100B28404 /* GeneralViewModel.swift in Sources */ = {isa = PBXBuildFile; fileRef = 3ECB17C12F2E36D100B28404 /* GeneralViewModel.swift */; };
		3ECB183C2F2E459600B28404 /* Inter_18pt-Bold.ttf in Resources */ = {isa = PBXBuildFile; fileRef = 3ECB183B2F2E459600B28404 /* Inter_18pt-Bold.ttf */; };
		3ECB183E2F2E45A200B28404 /* Inter_18pt-Regular.ttf in Resources */ = {isa = PBXBuildFile; fileRef = 3ECB183D2F2E45A200B28404 /* Inter_18pt-Regular.ttf */; };
		3ECB18402F2E521D00B28404 /* Inter_18pt-Medium.ttf in Resources */ = {isa = PBXBuildFile; fileRef = 3ECB183F2F2E521D00B28404 /* Inter_18pt-Medium.ttf */; };
/* End PBXBuildFile section */

/* Begin PBXFileReference section */
		3ECB17A42F2E265900B28404 /* Adblock.app */ = {isa = PBXFileReference; explicitFileType = wrapper.application; includeInIndex = 0; path = Adblock.app; sourceTree = BUILT_PRODUCTS_DIR; };
		3ECB17B22F2E26D900B28404 /* AdblockApp.swift */ = {isa = PBXFileReference; lastKnownFileType = sourcecode.swift; path = AdblockApp.swift; sourceTree = "<group>"; };
		3ECB17B32F2E26D900B28404 /* Assets.xcassets */ = {isa = PBXFileReference; lastKnownFileType = folder.assetcatalog; path = Assets.xcassets; sourceTree = "<group>"; };
		3ECB17B42F2E26D900B28404 /* TapBarView.swift */ = {isa = PBXFileReference; lastKnownFileType = sourcecode.swift; path = TapBarView.swift; sourceTree = "<group>"; };
		3ECB17BB2F2E271200B28404 /* GeneralView.swift */ = {isa = PBXFileReference; lastKnownFileType = sourcecode.swift; path = GeneralView.swift; sourceTree = "<group>"; };
		3ECB17BD2F2E272600B28404 /* CustomView.swift */ = {isa = PBXFileReference; lastKnownFileType = sourcecode.swift; path = CustomView.swift; sourceTree = "<group>"; };
		3ECB17C12F2E36D100B28404 /* GeneralViewModel.swift */ = {isa = PBXFileReference; lastKnownFileType = sourcecode.swift; path = GeneralViewModel.swift; sourceTree = "<group>"; };
		3ECB183A2F2E43BD00B28404 /* Info.plist */ = {isa = PBXFileReference; lastKnownFileType = text.plist; path = Info.plist; sourceTree = "<group>"; };
		3ECB183B2F2E459600B28404 /* Inter_18pt-Bold.ttf */ = {isa = PBXFileReference; lastKnownFileType = file; path = "Inter_18pt-Bold.ttf"; sourceTree = "<group>"; };
		3ECB183D2F2E45A200B28404 /* Inter_18pt-Regular.ttf */ = {isa = PBXFileReference; lastKnownFileType = file; path = "Inter_18pt-Regular.ttf"; sourceTree = "<group>"; };
		3ECB183F2F2E521D00B28404 /* Inter_18pt-Medium.ttf */ = {isa = PBXFileReference; lastKnownFileType = file; path = "Inter_18pt-Medium.ttf"; sourceTree = "<group>"; };
/* End PBXFileReference section */

/* Begin PBXFrameworksBuildPhase section */
		3ECB17A12F2E265900B28404 /* Frameworks */ = {
			isa = PBXFrameworksBuildPhase;
			buildActionMask = 2147483647;
			files = (
			);
			runOnlyForDeploymentPostprocessing = 0;
		};
/* End PBXFrameworksBuildPhase section */

/* Begin PBXGroup section */
		3ECB179B2F2E265900B28404 = {
			isa = PBXGroup;
			children = (
				3ECB17B52F2E26D900B28404 /* Adblock */,
				3ECB17A52F2E265900B28404 /* Products */,
			);
			sourceTree = "<group>";
		};
		3ECB17A52F2E265900B28404 /* Products */ = {
			isa = PBXGroup;
			children = (
				3ECB17A42F2E265900B28404 /* Adblock.app */,
			);
			name = Products;
			sourceTree = "<group>";
		};
		3ECB17B52F2E26D900B28404 /* Adblock */ = {
			isa = PBXGroup;
			children = (
				3ECB183A2F2E43BD00B28404 /* Info.plist */,
				3ECB17B22F2E26D900B28404 /* AdblockApp.swift */,
				3ECB17B42F2E26D900B28404 /* TapBarView.swift */,
				3ECB17BA2F2E270100B28404 /* MainTabs */,
				3ECB17B92F2E26DC00B28404 /* SystemFiles */,
			);
			path = Adblock;
			sourceTree = "<group>";
		};
		3ECB17B92F2E26DC00B28404 /* SystemFiles */ = {
			isa = PBXGroup;
			children = (
				3ECB17C32F2E42A800B28404 /* Fonts */,
				3ECB17B32F2E26D900B28404 /* Assets.xcassets */,
			);
			path = SystemFiles;
			sourceTree = "<group>";
		};
		3ECB17BA2F2E270100B28404 /* MainTabs */ = {
			isa = PBXGroup;
			children = (
				3ECB17BF2F2E273C00B28404 /* General */,
				3ECB17C02F2E274400B28404 /* Custom */,
			);
			path = MainTabs;
			sourceTree = "<group>";
		};
		3ECB17BF2F2E273C00B28404 /* General */ = {
			isa = PBXGroup;
			children = (
				3ECB17BB2F2E271200B28404 /* GeneralView.swift */,
				3ECB17C12F2E36D100B28404 /* GeneralViewModel.swift */,
			);
			path = General;
			sourceTree = "<group>";
		};
		3ECB17C02F2E274400B28404 /* Custom */ = {
			isa = PBXGroup;
			children = (
				3ECB17BD2F2E272600B28404 /* CustomView.swift */,
			);
			path = Custom;
			sourceTree = "<group>";
		};
		3ECB17C32F2E42A800B28404 /* Fonts */ = {
			isa = PBXGroup;
			children = (
				3ECB183B2F2E459600B28404 /* Inter_18pt-Bold.ttf */,
				3ECB183D2F2E45A200B28404 /* Inter_18pt-Regular.ttf */,
				3ECB183F2F2E521D00B28404 /* Inter_18pt-Medium.ttf */,
			);
			path = Fonts;
			sourceTree = "<group>";
		};
/* End PBXGroup section */

/* Begin PBXNativeTarget section */
		3ECB17A32F2E265900B28404 /* Adblock */ = {
			isa = PBXNativeTarget;
			buildConfigurationList = 3ECB17AF2F2E265A00B28404 /* Build configuration list for PBXNativeTarget "Adblock" */;
			buildPhases = (
				3ECB17A02F2E265900B28404 /* Sources */,
				3ECB17A12F2E265900B28404 /* Frameworks */,
				3ECB17A22F2E265900B28404 /* Resources */,
			);
			buildRules = (
			);
			dependencies = (
			);
			name = Adblock;
			packageProductDependencies = (
			);
			productName = Adblock;
			productReference = 3ECB17A42F2E265900B28404 /* Adblock.app */;
			productType = "com.apple.product-type.application";
		};
/* End PBXNativeTarget section */

/* Begin PBXProject section */
		3ECB179C2F2E265900B28404 /* Project object */ = {
			isa = PBXProject;
			attributes = {
				BuildIndependentTargetsInParallel = 1;
				LastSwiftUpdateCheck = 2620;
				LastUpgradeCheck = 2620;
				TargetAttributes = {
					3ECB17A32F2E265900B28404 = {
						CreatedOnToolsVersion = 26.2;
					};
				};
			};
			buildConfigurationList = 3ECB179F2F2E265900B28404 /* Build configuration list for PBXProject "Adblock" */;
			developmentRegion = en;
			hasScannedForEncodings = 0;
			knownRegions = (
				en,
				Base,
			);
			mainGroup = 3ECB179B2F2E265900B28404;
			minimizedProjectReferenceProxies = 1;
			preferredProjectObjectVersion = 77;
			productRefGroup = 3ECB17A52F2E265900B28404 /* Products */;
			projectDirPath = "";
			projectRoot = "";
			targets = (
				3ECB17A32F2E265900B28404 /* Adblock */,
			);
		};
/* End PBXProject section */

/* Begin PBXResourcesBuildPhase section */
		3ECB17A22F2E265900B28404 /* Resources */ = {
			isa = PBXResourcesBuildPhase;
			buildActionMask = 2147483647;
			files = (
				3ECB17B82F2E26D900B28404 /* Assets.xcassets in Resources */,
				3ECB18402F2E521D00B28404 /* Inter_18pt-Medium.ttf in Resources */,
				3ECB183C2F2E459600B28404 /* Inter_18pt-Bold.ttf in Resources */,
				3ECB183E2F2E45A200B28404 /* Inter_18pt-Regular.ttf in Resources */,
			);
			runOnlyForDeploymentPostprocessing = 0;
		};
/* End PBXResourcesBuildPhase section */

/* Begin PBXSourcesBuildPhase section */
		3ECB17A02F2E265900B28404 /* Sources */ = {
			isa = PBXSourcesBuildPhase;
			buildActionMask = 2147483647;
			files = (
				3ECB17BC2F2E271200B28404 /* GeneralView.swift in Sources */,
				3ECB17BE2F2E272600B28404 /* CustomView.swift in Sources */,
				3ECB17C22F2E36D100B28404 /* GeneralViewModel.swift in Sources */,
				3ECB17B62F2E26D900B28404 /* AdblockApp.swift in Sources */,
				3ECB17B72F2E26D900B28404 /* TapBarView.swift in Sources */,
			);
			runOnlyForDeploymentPostprocessing = 0;
		};
/* End PBXSourcesBuildPhase section */

/* Begin XCBuildConfiguration section */
		3ECB17AD2F2E265A00B28404 /* Debug */ = {
			isa = XCBuildConfiguration;
			buildSettings = {
				ALWAYS_SEARCH_USER_PATHS = NO;
				ASSETCATALOG_COMPILER_GENERATE_SWIFT_ASSET_SYMBOL_EXTENSIONS = YES;
				CLANG_ANALYZER_NONNULL = YES;
				CLANG_ANALYZER_NUMBER_OBJECT_CONVERSION = YES_AGGRESSIVE;
				CLANG_CXX_LANGUAGE_STANDARD = "gnu++20";
				CLANG_ENABLE_MODULES = YES;
				CLANG_ENABLE_OBJC_ARC = YES;
				CLANG_ENABLE_OBJC_WEAK = YES;
				CLANG_WARN_BLOCK_CAPTURE_AUTORELEASING = YES;
				CLANG_WARN_BOOL_CONVERSION = YES;
				CLANG_WARN_COMMA = YES;
				CLANG_WARN_CONSTANT_CONVERSION = YES;
				CLANG_WARN_DEPRECATED_OBJC_IMPLEMENTATIONS = YES;
				CLANG_WARN_DIRECT_OBJC_ISA_USAGE = YES_ERROR;
				CLANG_WARN_DOCUMENTATION_COMMENTS = YES;
				CLANG_WARN_EMPTY_BODY = YES;
				CLANG_WARN_ENUM_CONVERSION = YES;
				CLANG_WARN_INFINITE_RECURSION = YES;
				CLANG_WARN_INT_CONVERSION = YES;
				CLANG_WARN_NON_LITERAL_NULL_CONVERSION = YES;
				CLANG_WARN_OBJC_IMPLICIT_RETAIN_SELF = YES;
				CLANG_WARN_OBJC_LITERAL_CONVERSION = YES;
				CLANG_WARN_OBJC_ROOT_CLASS = YES_ERROR;
				CLANG_WARN_QUOTED_INCLUDE_IN_FRAMEWORK_HEADER = YES;
				CLANG_WARN_RANGE_LOOP_ANALYSIS = YES;
				CLANG_WARN_STRICT_PROTOTYPES = YES;
				CLANG_WARN_SUSPICIOUS_MOVE = YES;
				CLANG_WARN_UNGUARDED_AVAILABILITY = YES_AGGRESSIVE;
				CLANG_WARN_UNREACHABLE_CODE = YES;
				CLANG_WARN__DUPLICATE_METHOD_MATCH = YES;
				COPY_PHASE_STRIP = NO;
				DEBUG_INFORMATION_FORMAT = dwarf;
				ENABLE_STRICT_OBJC_MSGSEND = YES;
				ENABLE_TESTABILITY = YES;
				ENABLE_USER_SCRIPT_SANDBOXING = YES;
				GCC_C_LANGUAGE_STANDARD = gnu17;
				GCC_DYNAMIC_NO_PIC = NO;
				GCC_NO_COMMON_BLOCKS = YES;
				GCC_OPTIMIZATION_LEVEL = 0;
				GCC_PREPROCESSOR_DEFINITIONS = (
					"DEBUG=1",
					"$(inherited)",
				);
				GCC_WARN_64_TO_32_BIT_CONVERSION = YES;
				GCC_WARN_ABOUT_RETURN_TYPE = YES_ERROR;
				GCC_WARN_UNDECLARED_SELECTOR = YES;
				GCC_WARN_UNINITIALIZED_AUTOS = YES_AGGRESSIVE;
				GCC_WARN_UNUSED_FUNCTION = YES;
				GCC_WARN_UNUSED_VARIABLE = YES;
				IPHONEOS_DEPLOYMENT_TARGET = 26.2;
				LOCALIZATION_PREFERS_STRING_CATALOGS = YES;
				MTL_ENABLE_DEBUG_INFO = INCLUDE_SOURCE;
				MTL_FAST_MATH = YES;
				ONLY_ACTIVE_ARCH = YES;
				SDKROOT = iphoneos;
				SWIFT_ACTIVE_COMPILATION_CONDITIONS = "DEBUG $(inherited)";
				SWIFT_OPTIMIZATION_LEVEL = "-Onone";
			};
			name = Debug;
		};
		3ECB17AE2F2E265A00B28404 /* Release */ = {
			isa = XCBuildConfiguration;
			buildSettings = {
				ALWAYS_SEARCH_USER_PATHS = NO;
				ASSETCATALOG_COMPILER_GENERATE_SWIFT_ASSET_SYMBOL_EXTENSIONS = YES;
				CLANG_ANALYZER_NONNULL = YES;
				CLANG_ANALYZER_NUMBER_OBJECT_CONVERSION = YES_AGGRESSIVE;
				CLANG_CXX_LANGUAGE_STANDARD = "gnu++20";
				CLANG_ENABLE_MODULES = YES;
				CLANG_ENABLE_OBJC_ARC = YES;
				CLANG_ENABLE_OBJC_WEAK = YES;
				CLANG_WARN_BLOCK_CAPTURE_AUTORELEASING = YES;
				CLANG_WARN_BOOL_CONVERSION = YES;
				CLANG_WARN_COMMA = YES;
				CLANG_WARN_CONSTANT_CONVERSION = YES;
				CLANG_WARN_DEPRECATED_OBJC_IMPLEMENTATIONS = YES;
				CLANG_WARN_DIRECT_OBJC_ISA_USAGE = YES_ERROR;
				CLANG_WARN_DOCUMENTATION_COMMENTS = YES;
				CLANG_WARN_EMPTY_BODY = YES;
				CLANG_WARN_ENUM_CONVERSION = YES;
				CLANG_WARN_INFINITE_RECURSION = YES;
				CLANG_WARN_INT_CONVERSION = YES;
				CLANG_WARN_NON_LITERAL_NULL_CONVERSION = YES;
				CLANG_WARN_OBJC_IMPLICIT_RETAIN_SELF = YES;
				CLANG_WARN_OBJC_LITERAL_CONVERSION = YES;
				CLANG_WARN_OBJC_ROOT_CLASS = YES_ERROR;
				CLANG_WARN_QUOTED_INCLUDE_IN_FRAMEWORK_HEADER = YES;
				CLANG_WARN_RANGE_LOOP_ANALYSIS = YES;
				CLANG_WARN_STRICT_PROTOTYPES = YES;
				CLANG_WARN_SUSPICIOUS_MOVE = YES;
				CLANG_WARN_UNGUARDED_AVAILABILITY = YES_AGGRESSIVE;
				CLANG_WARN_UNREACHABLE_CODE = YES;
				CLANG_WARN__DUPLICATE_METHOD_MATCH = YES;
				COPY_PHASE_STRIP = NO;
				DEBUG_INFORMATION_FORMAT = "dwarf-with-dsym";
				ENABLE_NS_ASSERTIONS = NO;
				ENABLE_STRICT_OBJC_MSGSEND = YES;
				ENABLE_USER_SCRIPT_SANDBOXING = YES;
				GCC_C_LANGUAGE_STANDARD = gnu17;
				GCC_NO_COMMON_BLOCKS = YES;
				GCC_WARN_64_TO_32_BIT_CONVERSION = YES;
				GCC_WARN_ABOUT_RETURN_TYPE = YES_ERROR;
				GCC_WARN_UNDECLARED_SELECTOR = YES;
				GCC_WARN_UNINITIALIZED_AUTOS = YES_AGGRESSIVE;
				GCC_WARN_UNUSED_FUNCTION = YES;
				GCC_WARN_UNUSED_VARIABLE = YES;
				IPHONEOS_DEPLOYMENT_TARGET = 26.2;
				LOCALIZATION_PREFERS_STRING_CATALOGS = YES;
				MTL_ENABLE_DEBUG_INFO = NO;
				MTL_FAST_MATH = YES;
				SDKROOT = iphoneos;
				SWIFT_COMPILATION_MODE = wholemodule;
				VALIDATE_PRODUCT = YES;
			};
			name = Release;
		};
		3ECB17B02F2E265A00B28404 /* Debug */ = {
			isa = XCBuildConfiguration;
			buildSettings = {
				ASSETCATALOG_COMPILER_APPICON_NAME = AppIcon;
				ASSETCATALOG_COMPILER_GLOBAL_ACCENT_COLOR_NAME = AccentColor;
				CODE_SIGN_STYLE = Automatic;
				CURRENT_PROJECT_VERSION = 1;
				ENABLE_PREVIEWS = YES;
				GENERATE_INFOPLIST_FILE = YES;
				INFOPLIST_FILE = Adblock/Info.plist;
				INFOPLIST_KEY_UIApplicationSceneManifest_Generation = YES;
				INFOPLIST_KEY_UIApplicationSupportsIndirectInputEvents = YES;
				INFOPLIST_KEY_UILaunchScreen_Generation = YES;
				INFOPLIST_KEY_UISupportedInterfaceOrientations = UIInterfaceOrientationPortrait;
				IPHONEOS_DEPLOYMENT_TARGET = 16;
				LD_RUNPATH_SEARCH_PATHS = (
					"$(inherited)",
					"@executable_path/Frameworks",
				);
				MARKETING_VERSION = 1.0;
				PRODUCT_BUNDLE_IDENTIFIER = boytik.Adblock;
				PRODUCT_NAME = "$(TARGET_NAME)";
				STRING_CATALOG_GENERATE_SYMBOLS = YES;
				SUPPORTED_PLATFORMS = "iphoneos iphonesimulator";
				SUPPORTS_MACCATALYST = NO;
				SUPPORTS_MAC_DESIGNED_FOR_IPHONE_IPAD = NO;
				SUPPORTS_XR_DESIGNED_FOR_IPHONE_IPAD = NO;
				SWIFT_APPROACHABLE_CONCURRENCY = YES;
				SWIFT_DEFAULT_ACTOR_ISOLATION = MainActor;
				SWIFT_EMIT_LOC_STRINGS = YES;
				SWIFT_UPCOMING_FEATURE_MEMBER_IMPORT_VISIBILITY = YES;
				SWIFT_VERSION = 5.0;
				TARGETED_DEVICE_FAMILY = "1,2";
			};
			name = Debug;
		};
		3ECB17B12F2E265A00B28404 /* Release */ = {
			isa = XCBuildConfiguration;
			buildSettings = {
				ASSETCATALOG_COMPILER_APPICON_NAME = AppIcon;
				ASSETCATALOG_COMPILER_GLOBAL_ACCENT_COLOR_NAME = AccentColor;
				CODE_SIGN_STYLE = Automatic;
				CURRENT_PROJECT_VERSION = 1;
				ENABLE_PREVIEWS = YES;
				GENERATE_INFOPLIST_FILE = YES;
				INFOPLIST_FILE = Adblock/Info.plist;
				INFOPLIST_KEY_UIApplicationSceneManifest_Generation = YES;
				INFOPLIST_KEY_UIApplicationSupportsIndirectInputEvents = YES;
				INFOPLIST_KEY_UILaunchScreen_Generation = YES;
				INFOPLIST_KEY_UISupportedInterfaceOrientations = UIInterfaceOrientationPortrait;
				IPHONEOS_DEPLOYMENT_TARGET = 16;
				LD_RUNPATH_SEARCH_PATHS = (
					"$(inherited)",
					"@executable_path/Frameworks",
				);
				MARKETING_VERSION = 1.0;
				PRODUCT_BUNDLE_IDENTIFIER = boytik.Adblock;
				PRODUCT_NAME = "$(TARGET_NAME)";
				STRING_CATALOG_GENERATE_SYMBOLS = YES;
				SUPPORTED_PLATFORMS = "iphoneos iphonesimulator";
				SUPPORTS_MACCATALYST = NO;
				SUPPORTS_MAC_DESIGNED_FOR_IPHONE_IPAD = NO;
				SUPPORTS_XR_DESIGNED_FOR_IPHONE_IPAD = NO;
				SWIFT_APPROACHABLE_CONCURRENCY = YES;
				SWIFT_DEFAULT_ACTOR_ISOLATION = MainActor;
				SWIFT_EMIT_LOC_STRINGS = YES;
				SWIFT_UPCOMING_FEATURE_MEMBER_IMPORT_VISIBILITY = YES;
				SWIFT_VERSION = 5.0;
				TARGETED_DEVICE_FAMILY = "1,2";
			};
			name = Release;
		};
/* End XCBuildConfiguration section */

/* Begin XCConfigurationList section */
		3ECB179F2F2E265900B28404 /* Build configuration list for PBXProject "Adblock" */ = {
			isa = XCConfigurationList;
			buildConfigurations = (
				3ECB17AD2F2E265A00B28404 /* Debug */,
				3ECB17AE2F2E265A00B28404 /* Release */,
			);
			defaultConfigurationIsVisible = 0;
			defaultConfigurationName = Release;
		};
		3ECB17AF2F2E265A00B28404 /* Build configuration list for PBXNativeTarget "Adblock" */ = {
			isa = XCConfigurationList;
			buildConfigurations = (
				3ECB17B02F2E265A00B28404 /* Debug */,
				3ECB17B12F2E265A00B28404 /* Release */,
			);
			defaultConfigurationIsVisible = 0;
			defaultConfigurationName = Release;
		};
/* End XCConfigurationList section */
	};
	rootObject = 3ECB179C2F2E265900B28404 /* Project object */;
}
