// !$*UTF8*$!
{
	archiveVersion = 1;
	classes = {
	};
	objectVersion = 77;
	objects = {

/* Begin PBXBuildFile section */
		3E25AEDA2F30ABE800E5A056 /* SettingView.swift in Sources */ = {isa = PBXBuildFile; fileRef = 3E25AED92F30ABE800E5A056 /* SettingView.swift */; };
		3E25B0862F30BB3500E5A056 /* Coordinator.swift in Sources */ = {isa = PBXBuildFile; fileRef = 3E25B0852F30BB3500E5A056 /* Coordinator.swift */; };
		3E25B1A72F30D45C00E5A056 /* RootView.swift in Sources */ = {isa = PBXBuildFile; fileRef = 3E25B1A62F30D45C00E5A056 /* RootView.swift */; };
		3E25B1A92F30D81100E5A056 /* SettingsViewModal.swift in Sources */ = {isa = PBXBuildFile; fileRef = 3E25B1A82F30D81100E5A056 /* SettingsViewModal.swift */; };
		3E3FF8152F3A08B40090A937 /* WhiteListStore.swift in Sources */ = {isa = PBXBuildFile; fileRef = 3E3FF8142F3A08B40090A937 /* WhiteListStore.swift */; };
		3E3FF8172F3A08CC0090A937 /* WhiteListItem.swift in Sources */ = {isa = PBXBuildFile; fileRef = 3E3FF8162F3A08CC0090A937 /* WhiteListItem.swift */; };
		3E3FF8952F3A2B8A0090A937 /* AddNewUrlView.swift in Sources */ = {isa = PBXBuildFile; fileRef = 3E3FF8932F3A2B8A0090A937 /* AddNewUrlView.swift */; };
		3E3FF8972F3A2B930090A937 /* AddNewUrlViewModel.swift in Sources */ = {isa = PBXBuildFile; fileRef = 3E3FF8962F3A2B930090A937 /* AddNewUrlViewModel.swift */; };
		3E56855E2F31E8E800E29C3A /* QuickGuideView.swift in Sources */ = {isa = PBXBuildFile; fileRef = 3E56855D2F31E8E800E29C3A /* QuickGuideView.swift */; };
		3E6FC3E02F333AA60068A4A5 /* WhiteListView.swift in Sources */ = {isa = PBXBuildFile; fileRef = 3E6FC3DF2F333AA60068A4A5 /* WhiteListView.swift */; };
		3E6FC3E22F333B360068A4A5 /* WhiteListViewModel.swift in Sources */ = {isa = PBXBuildFile; fileRef = 3E6FC3E12F333B360068A4A5 /* WhiteListViewModel.swift */; };
		3E6FC6442F33BB3B0068A4A5 /* AdblockSafariExtension.appex in Embed Foundation Extensions */ = {isa = PBXBuildFile; fileRef = 3E6FC62C2F33BB3B0068A4A5 /* AdblockSafariExtension.appex */; settings = {ATTRIBUTES = (RemoveHeadersOnCopy, ); }; };
		3EC50F242F3497C30046D7C3 /* BlockingAction.swift in Sources */ = {isa = PBXBuildFile; fileRef = 3EC50F232F3497C30046D7C3 /* BlockingAction.swift */; };
		3EC50F272F349CFE0046D7C3 /* RulesService.swift in Sources */ = {isa = PBXBuildFile; fileRef = 3EC50F262F349CFE0046D7C3 /* RulesService.swift */; };
		3EC50F292F349E210046D7C3 /* ContentBlockerConfig.swift in Sources */ = {isa = PBXBuildFile; fileRef = 3EC50F282F349E210046D7C3 /* ContentBlockerConfig.swift */; };
		3ECB17B62F2E26D900B28404 /* AdblockApp.swift in Sources */ = {isa = PBXBuildFile; fileRef = 3ECB17B22F2E26D900B28404 /* AdblockApp.swift */; };
		3ECB17B72F2E26D900B28404 /* TapBarView.swift in Sources */ = {isa = PBXBuildFile; fileRef = 3ECB17B42F2E26D900B28404 /* TapBarView.swift */; };
		3ECB17B82F2E26D900B28404 /* Assets.xcassets in Resources */ = {isa = PBXBuildFile; fileRef = 3ECB17B32F2E26D900B28404 /* Assets.xcassets */; };
		3ECB17BC2F2E271200B28404 /* GeneralView.swift in Sources */ = {isa = PBXBuildFile; fileRef = 3ECB17BB2F2E271200B28404 /* GeneralView.swift */; };
		3ECB17BE2F2E272600B28404 /* CustomView.swift in Sources */ = {isa = PBXBuildFile; fileRef = 3ECB17BD2F2E272600B28404 /* CustomView.swift */; };
		3ECB17C22F2E36D100B28404 /* GeneralViewModel.swift in Sources */ = {isa = PBXBuildFile; fileRef = 3ECB17C12F2E36D100B28404 /* GeneralViewModel.swift */; };
		3ECB183C2F2E459600B28404 /* Inter_18pt-Bold.ttf in Resources */ = {isa = PBXBuildFile; fileRef = 3ECB183B2F2E459600B28404 /* Inter_18pt-Bold.ttf */; };
		3ECB183E2F2E45A200B28404 /* Inter_18pt-Regular.ttf in Resources */ = {isa = PBXBuildFile; fileRef = 3ECB183D2F2E45A200B28404 /* Inter_18pt-Regular.ttf */; };
		3ECB18402F2E521D00B28404 /* Inter_18pt-Medium.ttf in Resources */ = {isa = PBXBuildFile; fileRef = 3ECB183F2F2E521D00B28404 /* Inter_18pt-Medium.ttf */; };
		3EFB889F2F2F7A2F0088623E /* CustomViewModel.swift in Sources */ = {isa = PBXBuildFile; fileRef = 3EFB889E2F2F7A2F0088623E /* CustomViewModel.swift */; };
		3EFB88A12F2F7B930088623E /* Inter_18pt-SemiBold.ttf in Resources */ = {isa = PBXBuildFile; fileRef = 3EFB88A02F2F7B930088623E /* Inter_18pt-SemiBold.ttf */; };
		3EFB88A32F2F7DB90088623E /* AddCustomRule.swift in Sources */ = {isa = PBXBuildFile; fileRef = 3EFB88A22F2F7DB90088623E /* AddCustomRule.swift */; };
		3EFB88A52F2FCB3A0088623E /* AddCustomRuleViewModel.swift in Sources */ = {isa = PBXBuildFile; fileRef = 3EFB88A42F2FCB3A0088623E /* AddCustomRuleViewModel.swift */; };
/* End PBXBuildFile section */

/* Begin PBXContainerItemProxy section */
		3E6FC6422F33BB3B0068A4A5 /* PBXContainerItemProxy */ = {
			isa = PBXContainerItemProxy;
			containerPortal = 3ECB179C2F2E265900B28404 /* Project object */;
			proxyType = 1;
			remoteGlobalIDString = 3E6FC62B2F33BB3B0068A4A5;
			remoteInfo = AdblockSafariExtension;
		};
/* End PBXContainerItemProxy section */

/* Begin PBXCopyFilesBuildPhase section */
		3E6FC6492F33BB3B0068A4A5 /* Embed Foundation Extensions */ = {
			isa = PBXCopyFilesBuildPhase;
			buildActionMask = 2147483647;
			dstPath = "";
			dstSubfolderSpec = 13;
			files = (
				3E6FC6442F33BB3B0068A4A5 /* AdblockSafariExtension.appex in Embed Foundation Extensions */,
			);
			name = "Embed Foundation Extensions";
			runOnlyForDeploymentPostprocessing = 0;
		};
/* End PBXCopyFilesBuildPhase section */

/* Begin PBXFileReference section */
		3E25AED92F30ABE800E5A056 /* SettingView.swift */ = {isa = PBXFileReference; lastKnownFileType = sourcecode.swift; path = SettingView.swift; sourceTree = "<group>"; };
		3E25B0852F30BB3500E5A056 /* Coordinator.swift */ = {isa = PBXFileReference; lastKnownFileType = sourcecode.swift; path = Coordinator.swift; sourceTree = "<group>"; };
		3E25B1A62F30D45C00E5A056 /* RootView.swift */ = {isa = PBXFileReference; lastKnownFileType = sourcecode.swift; path = RootView.swift; sourceTree = "<group>"; };
		3E25B1A82F30D81100E5A056 /* SettingsViewModal.swift */ = {isa = PBXFileReference; lastKnownFileType = sourcecode.swift; path = SettingsViewModal.swift; sourceTree = "<group>"; };
		3E3FF8142F3A08B40090A937 /* WhiteListStore.swift */ = {isa = PBXFileReference; lastKnownFileType = sourcecode.swift; path = WhiteListStore.swift; sourceTree = "<group>"; };
		3E3FF8162F3A08CC0090A937 /* WhiteListItem.swift */ = {isa = PBXFileReference; lastKnownFileType = sourcecode.swift; path = WhiteListItem.swift; sourceTree = "<group>"; };
		3E3FF8932F3A2B8A0090A937 /* AddNewUrlView.swift */ = {isa = PBXFileReference; lastKnownFileType = sourcecode.swift; path = AddNewUrlView.swift; sourceTree = "<group>"; };
		3E3FF8962F3A2B930090A937 /* AddNewUrlViewModel.swift */ = {isa = PBXFileReference; lastKnownFileType = sourcecode.swift; path = AddNewUrlViewModel.swift; sourceTree = "<group>"; };
		3E56855D2F31E8E800E29C3A /* QuickGuideView.swift */ = {isa = PBXFileReference; lastKnownFileType = sourcecode.swift; path = QuickGuideView.swift; sourceTree = "<group>"; };
		3E6FC3DF2F333AA60068A4A5 /* WhiteListView.swift */ = {isa = PBXFileReference; lastKnownFileType = sourcecode.swift; path = WhiteListView.swift; sourceTree = "<group>"; };
		3E6FC3E12F333B360068A4A5 /* WhiteListViewModel.swift */ = {isa = PBXFileReference; lastKnownFileType = sourcecode.swift; path = WhiteListViewModel.swift; sourceTree = "<group>"; };
		3E6FC62C2F33BB3B0068A4A5 /* AdblockSafariExtension.appex */ = {isa = PBXFileReference; explicitFileType = "wrapper.app-extension"; includeInIndex = 0; path = AdblockSafariExtension.appex; sourceTree = BUILT_PRODUCTS_DIR; };
		3E6FC64B2F33BEDD0068A4A5 /* Adblock.entitlements */ = {isa = PBXFileReference; lastKnownFileType = text.plist.entitlements; path = Adblock.entitlements; sourceTree = "<group>"; };
		3EC50F232F3497C30046D7C3 /* BlockingAction.swift */ = {isa = PBXFileReference; lastKnownFileType = sourcecode.swift; path = BlockingAction.swift; sourceTree = "<group>"; };
		3EC50F262F349CFE0046D7C3 /* RulesService.swift */ = {isa = PBXFileReference; lastKnownFileType = sourcecode.swift; path = RulesService.swift; sourceTree = "<group>"; };
		3EC50F282F349E210046D7C3 /* ContentBlockerConfig.swift */ = {isa = PBXFileReference; lastKnownFileType = sourcecode.swift; path = ContentBlockerConfig.swift; sourceTree = "<group>"; };
		3ECB17A42F2E265900B28404 /* Adblock.app */ = {isa = PBXFileReference; explicitFileType = wrapper.application; includeInIndex = 0; path = Adblock.app; sourceTree = BUILT_PRODUCTS_DIR; };
		3ECB17B22F2E26D900B28404 /* AdblockApp.swift */ = {isa = PBXFileReference; lastKnownFileType = sourcecode.swift; path = AdblockApp.swift; sourceTree = "<group>"; };
		3ECB17B32F2E26D900B28404 /* Assets.xcassets */ = {isa = PBXFileReference; lastKnownFileType = folder.assetcatalog; path = Assets.xcassets; sourceTree = "<group>"; };
		3ECB17B42F2E26D900B28404 /* TapBarView.swift */ = {isa = PBXFileReference; lastKnownFileType = sourcecode.swift; path = TapBarView.swift; sourceTree = "<group>"; };
		3ECB17BB2F2E271200B28404 /* GeneralView.swift */ = {isa = PBXFileReference; lastKnownFileType = sourcecode.swift; path = GeneralView.swift; sourceTree = "<group>"; };
		3ECB17BD2F2E272600B28404 /* CustomView.swift */ = {isa = PBXFileReference; lastKnownFileType = sourcecode.swift; path = CustomView.swift; sourceTree = "<group>"; };
		3ECB17C12F2E36D100B28404 /* GeneralViewModel.swift */ = {isa = PBXFileReference; lastKnownFileType = sourcecode.swift; path = GeneralViewModel.swift; sourceTree = "<group>"; };
		3ECB183A2F2E43BD00B28404 /* Info.plist */ = {isa = PBXFileReference; lastKnownFileType = text.plist; path = Info.plist; sourceTree = "<group>"; };
		3ECB183B2F2E459600B28404 /* Inter_18pt-Bold.ttf */ = {isa = PBXFileReference; lastKnownFileType = file; path = "Inter_18pt-Bold.ttf"; sourceTree = "<group>"; };
		3ECB183D2F2E45A200B28404 /* Inter_18pt-Regular.ttf */ = {isa = PBXFileReference; lastKnownFileType = file; path = "Inter_18pt-Regular.ttf"; sourceTree = "<group>"; };
		3ECB183F2F2E521D00B28404 /* Inter_18pt-Medium.ttf */ = {isa = PBXFileReference; lastKnownFileType = file; path = "Inter_18pt-Medium.ttf"; sourceTree = "<group>"; };
		3EFB889E2F2F7A2F0088623E /* CustomViewModel.swift */ = {isa = PBXFileReference; lastKnownFileType = sourcecode.swift; path = CustomViewModel.swift; sourceTree = "<group>"; };
		3EFB88A02F2F7B930088623E /* Inter_18pt-SemiBold.ttf */ = {isa = PBXFileReference; lastKnownFileType = file; path = "Inter_18pt-SemiBold.ttf"; sourceTree = "<group>"; };
		3EFB88A22F2F7DB90088623E /* AddCustomRule.swift */ = {isa = PBXFileReference; lastKnownFileType = sourcecode.swift; path = AddCustomRule.swift; sourceTree = "<group>"; };
		3EFB88A42F2FCB3A0088623E /* AddCustomRuleViewModel.swift */ = {isa = PBXFileReference; lastKnownFileType = sourcecode.swift; path = AddCustomRuleViewModel.swift; sourceTree = "<group>"; };
/* End PBXFileReference section */

/* Begin PBXFileSystemSynchronizedBuildFileExceptionSet section */
		3E6FC6452F33BB3B0068A4A5 /* Exceptions for "AdblockSafariExtension" folder in "AdblockSafariExtension" target */ = {
			isa = PBXFileSystemSynchronizedBuildFileExceptionSet;
			membershipExceptions = (
				Info.plist,
			);
			target = 3E6FC62B2F33BB3B0068A4A5 /* AdblockSafariExtension */;
		};
/* End PBXFileSystemSynchronizedBuildFileExceptionSet section */

/* Begin PBXFileSystemSynchronizedRootGroup section */
		3E6FC62D2F33BB3B0068A4A5 /* AdblockSafariExtension */ = {
			isa = PBXFileSystemSynchronizedRootGroup;
			exceptions = (
				3E6FC6452F33BB3B0068A4A5 /* Exceptions for "AdblockSafariExtension" folder in "AdblockSafariExtension" target */,
			);
			explicitFolders = (
				Resources/_locales,
				Resources/images,
			);
			path = AdblockSafariExtension;
			sourceTree = "<group>";
		};
/* End PBXFileSystemSynchronizedRootGroup section */

/* Begin PBXFrameworksBuildPhase section */
		3E6FC6292F33BB3B0068A4A5 /* Frameworks */ = {
			isa = PBXFrameworksBuildPhase;
			buildActionMask = 2147483647;
			files = (
			);
			runOnlyForDeploymentPostprocessing = 0;
		};
		3ECB17A12F2E265900B28404 /* Frameworks */ = {
			isa = PBXFrameworksBuildPhase;
			buildActionMask = 2147483647;
			files = (
			);
			runOnlyForDeploymentPostprocessing = 0;
		};
/* End PBXFrameworksBuildPhase section */

/* Begin PBXGroup section */
		3E25AED82F30ABCF00E5A056 /* SettingsScreen */ = {
			isa = PBXGroup;
			children = (
				3E25AED92F30ABE800E5A056 /* SettingView.swift */,
				3E25B1A82F30D81100E5A056 /* SettingsViewModal.swift */,
			);
			path = SettingsScreen;
			sourceTree = "<group>";
		};
		3E25B1A52F30D43D00E5A056 /* Navigation */ = {
			isa = PBXGroup;
			children = (
				3ECB17B22F2E26D900B28404 /* AdblockApp.swift */,
				3E25B0852F30BB3500E5A056 /* Coordinator.swift */,
				3E25B1A62F30D45C00E5A056 /* RootView.swift */,
				3ECB17B42F2E26D900B28404 /* TapBarView.swift */,
			);
			path = Navigation;
			sourceTree = "<group>";
		};
		3E25B1AA2F30DEC200E5A056 /* Quick Guide */ = {
			isa = PBXGroup;
			children = (
				3E56855D2F31E8E800E29C3A /* QuickGuideView.swift */,
			);
			path = "Quick Guide";
			sourceTree = "<group>";
		};
		3E3FF8942F3A2B8A0090A937 /* AddNewUrl */ = {
			isa = PBXGroup;
			children = (
				3E3FF8932F3A2B8A0090A937 /* AddNewUrlView.swift */,
				3E3FF8962F3A2B930090A937 /* AddNewUrlViewModel.swift */,
			);
			path = AddNewUrl;
			sourceTree = "<group>";
		};
		3E6FC3DE2F333A990068A4A5 /* WhiteList */ = {
			isa = PBXGroup;
			children = (
				3E6FC3DF2F333AA60068A4A5 /* WhiteListView.swift */,
				3E6FC3E12F333B360068A4A5 /* WhiteListViewModel.swift */,
				3E3FF8942F3A2B8A0090A937 /* AddNewUrl */,
			);
			path = WhiteList;
			sourceTree = "<group>";
		};
		3EC50F222F3497B30046D7C3 /* Models */ = {
			isa = PBXGroup;
			children = (
				3EC50F282F349E210046D7C3 /* ContentBlockerConfig.swift */,
				3EC50F232F3497C30046D7C3 /* BlockingAction.swift */,
				3E3FF8162F3A08CC0090A937 /* WhiteListItem.swift */,
			);
			path = Models;
			sourceTree = "<group>";
		};
		3EC50F252F349CE30046D7C3 /* Service */ = {
			isa = PBXGroup;
			children = (
				3EC50F262F349CFE0046D7C3 /* RulesService.swift */,
				3E3FF8142F3A08B40090A937 /* WhiteListStore.swift */,
			);
			path = Service;
			sourceTree = "<group>";
		};
		3ECB179B2F2E265900B28404 = {
			isa = PBXGroup;
			children = (
				3ECB17B52F2E26D900B28404 /* Adblock */,
				3E6FC62D2F33BB3B0068A4A5 /* AdblockSafariExtension */,
				3ECB17A52F2E265900B28404 /* Products */,
			);
			sourceTree = "<group>";
		};
		3ECB17A52F2E265900B28404 /* Products */ = {
			isa = PBXGroup;
			children = (
				3ECB17A42F2E265900B28404 /* Adblock.app */,
				3E6FC62C2F33BB3B0068A4A5 /* AdblockSafariExtension.appex */,
			);
			name = Products;
			sourceTree = "<group>";
		};
		3ECB17B52F2E26D900B28404 /* Adblock */ = {
			isa = PBXGroup;
			children = (
				3EC50F252F349CE30046D7C3 /* Service */,
				3EC50F222F3497B30046D7C3 /* Models */,
				3E6FC64B2F33BEDD0068A4A5 /* Adblock.entitlements */,
				3ECB183A2F2E43BD00B28404 /* Info.plist */,
				3ECB17BA2F2E270100B28404 /* MainTabs */,
				3ECB17B92F2E26DC00B28404 /* SystemFiles */,
			);
			path = Adblock;
			sourceTree = "<group>";
		};
		3ECB17B92F2E26DC00B28404 /* SystemFiles */ = {
			isa = PBXGroup;
			children = (
				3ECB17C32F2E42A800B28404 /* Fonts */,
				3ECB17B32F2E26D900B28404 /* Assets.xcassets */,
			);
			path = SystemFiles;
			sourceTree = "<group>";
		};
		3ECB17BA2F2E270100B28404 /* MainTabs */ = {
			isa = PBXGroup;
			children = (
				3E25B1AA2F30DEC200E5A056 /* Quick Guide */,
				3E25B1A52F30D43D00E5A056 /* Navigation */,
				3ECB17BF2F2E273C00B28404 /* GeneralScreen */,
				3ECB17C02F2E274400B28404 /* CustomScreen */,
			);
			path = MainTabs;
			sourceTree = "<group>";
		};
		3ECB17BF2F2E273C00B28404 /* GeneralScreen */ = {
			isa = PBXGroup;
			children = (
				3ECB17C12F2E36D100B28404 /* GeneralViewModel.swift */,
				3ECB17BB2F2E271200B28404 /* GeneralView.swift */,
				3E6FC3DE2F333A990068A4A5 /* WhiteList */,
				3E25AED82F30ABCF00E5A056 /* SettingsScreen */,
			);
			path = GeneralScreen;
			sourceTree = "<group>";
		};
		3ECB17C02F2E274400B28404 /* CustomScreen */ = {
			isa = PBXGroup;
			children = (
				3EFB889E2F2F7A2F0088623E /* CustomViewModel.swift */,
				3ECB17BD2F2E272600B28404 /* CustomView.swift */,
				3EFB88A22F2F7DB90088623E /* AddCustomRule.swift */,
				3EFB88A42F2FCB3A0088623E /* AddCustomRuleViewModel.swift */,
			);
			path = CustomScreen;
			sourceTree = "<group>";
		};
		3ECB17C32F2E42A800B28404 /* Fonts */ = {
			isa = PBXGroup;
			children = (
				3ECB183B2F2E459600B28404 /* Inter_18pt-Bold.ttf */,
				3ECB183D2F2E45A200B28404 /* Inter_18pt-Regular.ttf */,
				3ECB183F2F2E521D00B28404 /* Inter_18pt-Medium.ttf */,
				3EFB88A02F2F7B930088623E /* Inter_18pt-SemiBold.ttf */,
			);
			path = Fonts;
			sourceTree = "<group>";
		};
/* End PBXGroup section */

/* Begin PBXNativeTarget section */
		3E6FC62B2F33BB3B0068A4A5 /* AdblockSafariExtension */ = {
			isa = PBXNativeTarget;
			buildConfigurationList = 3E6FC6462F33BB3B0068A4A5 /* Build configuration list for PBXNativeTarget "AdblockSafariExtension" */;
			buildPhases = (
				3E6FC6282F33BB3B0068A4A5 /* Sources */,
				3E6FC6292F33BB3B0068A4A5 /* Frameworks */,
				3E6FC62A2F33BB3B0068A4A5 /* Resources */,
			);
			buildRules = (
			);
			dependencies = (
			);
			fileSystemSynchronizedGroups = (
				3E6FC62D2F33BB3B0068A4A5 /* AdblockSafariExtension */,
			);
			name = AdblockSafariExtension;
			packageProductDependencies = (
			);
			productName = AdblockSafariExtension;
			productReference = 3E6FC62C2F33BB3B0068A4A5 /* AdblockSafariExtension.appex */;
			productType = "com.apple.product-type.app-extension";
		};
		3ECB17A32F2E265900B28404 /* Adblock */ = {
			isa = PBXNativeTarget;
			buildConfigurationList = 3ECB17AF2F2E265A00B28404 /* Build configuration list for PBXNativeTarget "Adblock" */;
			buildPhases = (
				3ECB17A02F2E265900B28404 /* Sources */,
				3ECB17A12F2E265900B28404 /* Frameworks */,
				3ECB17A22F2E265900B28404 /* Resources */,
				3E6FC6492F33BB3B0068A4A5 /* Embed Foundation Extensions */,
			);
			buildRules = (
			);
			dependencies = (
				3E6FC6432F33BB3B0068A4A5 /* PBXTargetDependency */,
			);
			name = Adblock;
			packageProductDependencies = (
			);
			productName = Adblock;
			productReference = 3ECB17A42F2E265900B28404 /* Adblock.app */;
			productType = "com.apple.product-type.application";
		};
/* End PBXNativeTarget section */

/* Begin PBXProject section */
		3ECB179C2F2E265900B28404 /* Project object */ = {
			isa = PBXProject;
			attributes = {
				BuildIndependentTargetsInParallel = 1;
				LastSwiftUpdateCheck = 2620;
				LastUpgradeCheck = 2620;
				TargetAttributes = {
					3E6FC62B2F33BB3B0068A4A5 = {
						CreatedOnToolsVersion = 26.2;
					};
					3ECB17A32F2E265900B28404 = {
						CreatedOnToolsVersion = 26.2;
					};
				};
			};
			buildConfigurationList = 3ECB179F2F2E265900B28404 /* Build configuration list for PBXProject "Adblock" */;
			developmentRegion = en;
			hasScannedForEncodings = 0;
			knownRegions = (
				en,
				Base,
			);
			mainGroup = 3ECB179B2F2E265900B28404;
			minimizedProjectReferenceProxies = 1;
			preferredProjectObjectVersion = 77;
			productRefGroup = 3ECB17A52F2E265900B28404 /* Products */;
			projectDirPath = "";
			projectRoot = "";
			targets = (
				3ECB17A32F2E265900B28404 /* Adblock */,
				3E6FC62B2F33BB3B0068A4A5 /* AdblockSafariExtension */,
			);
		};
/* End PBXProject section */

/* Begin PBXResourcesBuildPhase section */
		3E6FC62A2F33BB3B0068A4A5 /* Resources */ = {
			isa = PBXResourcesBuildPhase;
			buildActionMask = 2147483647;
			files = (
			);
			runOnlyForDeploymentPostprocessing = 0;
		};
		3ECB17A22F2E265900B28404 /* Resources */ = {
			isa = PBXResourcesBuildPhase;
			buildActionMask = 2147483647;
			files = (
				3ECB17B82F2E26D900B28404 /* Assets.xcassets in Resources */,
				3EFB88A12F2F7B930088623E /* Inter_18pt-SemiBold.ttf in Resources */,
				3ECB18402F2E521D00B28404 /* Inter_18pt-Medium.ttf in Resources */,
				3ECB183C2F2E459600B28404 /* Inter_18pt-Bold.ttf in Resources */,
				3ECB183E2F2E45A200B28404 /* Inter_18pt-Regular.ttf in Resources */,
			);
			runOnlyForDeploymentPostprocessing = 0;
		};
/* End PBXResourcesBuildPhase section */

/* Begin PBXSourcesBuildPhase section */
		3E6FC6282F33BB3B0068A4A5 /* Sources */ = {
			isa = PBXSourcesBuildPhase;
			buildActionMask = 2147483647;
			files = (
			);
			runOnlyForDeploymentPostprocessing = 0;
		};
		3ECB17A02F2E265900B28404 /* Sources */ = {
			isa = PBXSourcesBuildPhase;
			buildActionMask = 2147483647;
			files = (
				3EC50F272F349CFE0046D7C3 /* RulesService.swift in Sources */,
				3ECB17BC2F2E271200B28404 /* GeneralView.swift in Sources */,
				3ECB17BE2F2E272600B28404 /* CustomView.swift in Sources */,
				3E6FC3E02F333AA60068A4A5 /* WhiteListView.swift in Sources */,
				3E25B0862F30BB3500E5A056 /* Coordinator.swift in Sources */,
				3E6FC3E22F333B360068A4A5 /* WhiteListViewModel.swift in Sources */,
				3E3FF8172F3A08CC0090A937 /* WhiteListItem.swift in Sources */,
				3ECB17C22F2E36D100B28404 /* GeneralViewModel.swift in Sources */,
				3EC50F242F3497C30046D7C3 /* BlockingAction.swift in Sources */,
				3E25AEDA2F30ABE800E5A056 /* SettingView.swift in Sources */,
				3EFB889F2F2F7A2F0088623E /* CustomViewModel.swift in Sources */,
				3E3FF8972F3A2B930090A937 /* AddNewUrlViewModel.swift in Sources */,
				3ECB17B62F2E26D900B28404 /* AdblockApp.swift in Sources */,
				3E3FF8152F3A08B40090A937 /* WhiteListStore.swift in Sources */,
				3E25B1A92F30D81100E5A056 /* SettingsViewModal.swift in Sources */,
				3E3FF8952F3A2B8A0090A937 /* AddNewUrlView.swift in Sources */,
				3EC50F292F349E210046D7C3 /* ContentBlockerConfig.swift in Sources */,
				3EFB88A32F2F7DB90088623E /* AddCustomRule.swift in Sources */,
				3ECB17B72F2E26D900B28404 /* TapBarView.swift in Sources */,
				3E56855E2F31E8E800E29C3A /* QuickGuideView.swift in Sources */,
				3EFB88A52F2FCB3A0088623E /* AddCustomRuleViewModel.swift in Sources */,
				3E25B1A72F30D45C00E5A056 /* RootView.swift in Sources */,
			);
			runOnlyForDeploymentPostprocessing = 0;
		};
/* End PBXSourcesBuildPhase section */

/* Begin PBXTargetDependency section */
		3E6FC6432F33BB3B0068A4A5 /* PBXTargetDependency */ = {
			isa = PBXTargetDependency;
			target = 3E6FC62B2F33BB3B0068A4A5 /* AdblockSafariExtension */;
			targetProxy = 3E6FC6422F33BB3B0068A4A5 /* PBXContainerItemProxy */;
		};
/* End PBXTargetDependency section */

/* Begin XCBuildConfiguration section */
		3E6FC6472F33BB3B0068A4A5 /* Debug */ = {
			isa = XCBuildConfiguration;
			buildSettings = {
				CODE_SIGN_ENTITLEMENTS = AdblockSafariExtension/AdblockSafariExtension.entitlements;
				CODE_SIGN_IDENTITY = "Apple Development";
				CODE_SIGN_STYLE = Automatic;
				CURRENT_PROJECT_VERSION = 1;
				DEVELOPMENT_TEAM = PDWNRK423C;
				GENERATE_INFOPLIST_FILE = YES;
				INFOPLIST_FILE = AdblockSafariExtension/Info.plist;
				INFOPLIST_KEY_CFBundleDisplayName = AdblockSafariExtension;
				INFOPLIST_KEY_NSHumanReadableCopyright = "";
				IPHONEOS_DEPLOYMENT_TARGET = 15.0;
				LD_RUNPATH_SEARCH_PATHS = (
					"$(inherited)",
					"@executable_path/Frameworks",
					"@executable_path/../../Frameworks",
				);
				MARKETING_VERSION = 1.0;
				OTHER_LDFLAGS = (
					"-framework",
					SafariServices,
				);
				PRODUCT_BUNDLE_IDENTIFIER = test.com.adblock.blocker;
				PRODUCT_NAME = "$(TARGET_NAME)";
				PROVISIONING_PROFILE_SPECIFIER = "";
				SKIP_INSTALL = YES;
				STRING_CATALOG_GENERATE_SYMBOLS = YES;
				SUPPORTED_PLATFORMS = "iphoneos iphonesimulator";
				SUPPORTS_MACCATALYST = NO;
				SUPPORTS_MAC_DESIGNED_FOR_IPHONE_IPAD = NO;
				SUPPORTS_XR_DESIGNED_FOR_IPHONE_IPAD = NO;
				SWIFT_APPROACHABLE_CONCURRENCY = YES;
				SWIFT_EMIT_LOC_STRINGS = YES;
				SWIFT_UPCOMING_FEATURE_MEMBER_IMPORT_VISIBILITY = YES;
				SWIFT_VERSION = 5.0;
				TARGETED_DEVICE_FAMILY = 1;
			};
			name = Debug;
		};
		3E6FC6482F33BB3B0068A4A5 /* Release */ = {
			isa = XCBuildConfiguration;
			buildSettings = {
				CODE_SIGN_ENTITLEMENTS = AdblockSafariExtension/AdblockSafariExtension.entitlements;
				CODE_SIGN_IDENTITY = "Apple Development";
				CODE_SIGN_STYLE = Automatic;
				CURRENT_PROJECT_VERSION = 1;
				DEVELOPMENT_TEAM = PDWNRK423C;
				GENERATE_INFOPLIST_FILE = YES;
				INFOPLIST_FILE = AdblockSafariExtension/Info.plist;
				INFOPLIST_KEY_CFBundleDisplayName = AdblockSafariExtension;
				INFOPLIST_KEY_NSHumanReadableCopyright = "";
				IPHONEOS_DEPLOYMENT_TARGET = 15.0;
				LD_RUNPATH_SEARCH_PATHS = (
					"$(inherited)",
					"@executable_path/Frameworks",
					"@executable_path/../../Frameworks",
				);
				MARKETING_VERSION = 1.0;
				OTHER_LDFLAGS = (
					"-framework",
					SafariServices,
				);
				PRODUCT_BUNDLE_IDENTIFIER = test.com.adblock.blocker;
				PRODUCT_NAME = "$(TARGET_NAME)";
				PROVISIONING_PROFILE_SPECIFIER = "";
				SKIP_INSTALL = YES;
				STRING_CATALOG_GENERATE_SYMBOLS = YES;
				SUPPORTED_PLATFORMS = "iphoneos iphonesimulator";
				SUPPORTS_MACCATALYST = NO;
				SUPPORTS_MAC_DESIGNED_FOR_IPHONE_IPAD = NO;
				SUPPORTS_XR_DESIGNED_FOR_IPHONE_IPAD = NO;
				SWIFT_APPROACHABLE_CONCURRENCY = YES;
				SWIFT_EMIT_LOC_STRINGS = YES;
				SWIFT_UPCOMING_FEATURE_MEMBER_IMPORT_VISIBILITY = YES;
				SWIFT_VERSION = 5.0;
				TARGETED_DEVICE_FAMILY = 1;
			};
			name = Release;
		};
		3ECB17AD2F2E265A00B28404 /* Debug */ = {
			isa = XCBuildConfiguration;
			buildSettings = {
				ALWAYS_SEARCH_USER_PATHS = NO;
				ASSETCATALOG_COMPILER_GENERATE_SWIFT_ASSET_SYMBOL_EXTENSIONS = YES;
				CLANG_ANALYZER_NONNULL = YES;
				CLANG_ANALYZER_NUMBER_OBJECT_CONVERSION = YES_AGGRESSIVE;
				CLANG_CXX_LANGUAGE_STANDARD = "gnu++20";
				CLANG_ENABLE_MODULES = YES;
				CLANG_ENABLE_OBJC_ARC = YES;
				CLANG_ENABLE_OBJC_WEAK = YES;
				CLANG_WARN_BLOCK_CAPTURE_AUTORELEASING = YES;
				CLANG_WARN_BOOL_CONVERSION = YES;
				CLANG_WARN_COMMA = YES;
				CLANG_WARN_CONSTANT_CONVERSION = YES;
				CLANG_WARN_DEPRECATED_OBJC_IMPLEMENTATIONS = YES;
				CLANG_WARN_DIRECT_OBJC_ISA_USAGE = YES_ERROR;
				CLANG_WARN_DOCUMENTATION_COMMENTS = YES;
				CLANG_WARN_EMPTY_BODY = YES;
				CLANG_WARN_ENUM_CONVERSION = YES;
				CLANG_WARN_INFINITE_RECURSION = YES;
				CLANG_WARN_INT_CONVERSION = YES;
				CLANG_WARN_NON_LITERAL_NULL_CONVERSION = YES;
				CLANG_WARN_OBJC_IMPLICIT_RETAIN_SELF = YES;
				CLANG_WARN_OBJC_LITERAL_CONVERSION = YES;
				CLANG_WARN_OBJC_ROOT_CLASS = YES_ERROR;
				CLANG_WARN_QUOTED_INCLUDE_IN_FRAMEWORK_HEADER = YES;
				CLANG_WARN_RANGE_LOOP_ANALYSIS = YES;
				CLANG_WARN_STRICT_PROTOTYPES = YES;
				CLANG_WARN_SUSPICIOUS_MOVE = YES;
				CLANG_WARN_UNGUARDED_AVAILABILITY = YES_AGGRESSIVE;
				CLANG_WARN_UNREACHABLE_CODE = YES;
				CLANG_WARN__DUPLICATE_METHOD_MATCH = YES;
				COPY_PHASE_STRIP = NO;
				DEBUG_INFORMATION_FORMAT = dwarf;
				ENABLE_STRICT_OBJC_MSGSEND = YES;
				ENABLE_TESTABILITY = YES;
				ENABLE_USER_SCRIPT_SANDBOXING = YES;
				GCC_C_LANGUAGE_STANDARD = gnu17;
				GCC_DYNAMIC_NO_PIC = NO;
				GCC_NO_COMMON_BLOCKS = YES;
				GCC_OPTIMIZATION_LEVEL = 0;
				GCC_PREPROCESSOR_DEFINITIONS = (
					"DEBUG=1",
					"$(inherited)",
				);
				GCC_WARN_64_TO_32_BIT_CONVERSION = YES;
				GCC_WARN_ABOUT_RETURN_TYPE = YES_ERROR;
				GCC_WARN_UNDECLARED_SELECTOR = YES;
				GCC_WARN_UNINITIALIZED_AUTOS = YES_AGGRESSIVE;
				GCC_WARN_UNUSED_FUNCTION = YES;
				GCC_WARN_UNUSED_VARIABLE = YES;
				IPHONEOS_DEPLOYMENT_TARGET = 26.2;
				LOCALIZATION_PREFERS_STRING_CATALOGS = YES;
				MTL_ENABLE_DEBUG_INFO = INCLUDE_SOURCE;
				MTL_FAST_MATH = YES;
				ONLY_ACTIVE_ARCH = YES;
				SDKROOT = iphoneos;
				SWIFT_ACTIVE_COMPILATION_CONDITIONS = "DEBUG $(inherited)";
				SWIFT_OPTIMIZATION_LEVEL = "-Onone";
			};
			name = Debug;
		};
		3ECB17AE2F2E265A00B28404 /* Release */ = {
			isa = XCBuildConfiguration;
			buildSettings = {
				ALWAYS_SEARCH_USER_PATHS = NO;
				ASSETCATALOG_COMPILER_GENERATE_SWIFT_ASSET_SYMBOL_EXTENSIONS = YES;
				CLANG_ANALYZER_NONNULL = YES;
				CLANG_ANALYZER_NUMBER_OBJECT_CONVERSION = YES_AGGRESSIVE;
				CLANG_CXX_LANGUAGE_STANDARD = "gnu++20";
				CLANG_ENABLE_MODULES = YES;
				CLANG_ENABLE_OBJC_ARC = YES;
				CLANG_ENABLE_OBJC_WEAK = YES;
				CLANG_WARN_BLOCK_CAPTURE_AUTORELEASING = YES;
				CLANG_WARN_BOOL_CONVERSION = YES;
				CLANG_WARN_COMMA = YES;
				CLANG_WARN_CONSTANT_CONVERSION = YES;
				CLANG_WARN_DEPRECATED_OBJC_IMPLEMENTATIONS = YES;
				CLANG_WARN_DIRECT_OBJC_ISA_USAGE = YES_ERROR;
				CLANG_WARN_DOCUMENTATION_COMMENTS = YES;
				CLANG_WARN_EMPTY_BODY = YES;
				CLANG_WARN_ENUM_CONVERSION = YES;
				CLANG_WARN_INFINITE_RECURSION = YES;
				CLANG_WARN_INT_CONVERSION = YES;
				CLANG_WARN_NON_LITERAL_NULL_CONVERSION = YES;
				CLANG_WARN_OBJC_IMPLICIT_RETAIN_SELF = YES;
				CLANG_WARN_OBJC_LITERAL_CONVERSION = YES;
				CLANG_WARN_OBJC_ROOT_CLASS = YES_ERROR;
				CLANG_WARN_QUOTED_INCLUDE_IN_FRAMEWORK_HEADER = YES;
				CLANG_WARN_RANGE_LOOP_ANALYSIS = YES;
				CLANG_WARN_STRICT_PROTOTYPES = YES;
				CLANG_WARN_SUSPICIOUS_MOVE = YES;
				CLANG_WARN_UNGUARDED_AVAILABILITY = YES_AGGRESSIVE;
				CLANG_WARN_UNREACHABLE_CODE = YES;
				CLANG_WARN__DUPLICATE_METHOD_MATCH = YES;
				COPY_PHASE_STRIP = NO;
				DEBUG_INFORMATION_FORMAT = "dwarf-with-dsym";
				ENABLE_NS_ASSERTIONS = NO;
				ENABLE_STRICT_OBJC_MSGSEND = YES;
				ENABLE_USER_SCRIPT_SANDBOXING = YES;
				GCC_C_LANGUAGE_STANDARD = gnu17;
				GCC_NO_COMMON_BLOCKS = YES;
				GCC_WARN_64_TO_32_BIT_CONVERSION = YES;
				GCC_WARN_ABOUT_RETURN_TYPE = YES_ERROR;
				GCC_WARN_UNDECLARED_SELECTOR = YES;
				GCC_WARN_UNINITIALIZED_AUTOS = YES_AGGRESSIVE;
				GCC_WARN_UNUSED_FUNCTION = YES;
				GCC_WARN_UNUSED_VARIABLE = YES;
				IPHONEOS_DEPLOYMENT_TARGET = 26.2;
				LOCALIZATION_PREFERS_STRING_CATALOGS = YES;
				MTL_ENABLE_DEBUG_INFO = NO;
				MTL_FAST_MATH = YES;
				SDKROOT = iphoneos;
				SWIFT_COMPILATION_MODE = wholemodule;
				VALIDATE_PRODUCT = YES;
			};
			name = Release;
		};
		3ECB17B02F2E265A00B28404 /* Debug */ = {
			isa = XCBuildConfiguration;
			buildSettings = {
				ASSETCATALOG_COMPILER_APPICON_NAME = AppIcon;
				ASSETCATALOG_COMPILER_GLOBAL_ACCENT_COLOR_NAME = AccentColor;
				CODE_SIGN_ENTITLEMENTS = Adblock/Adblock.entitlements;
				CODE_SIGN_IDENTITY = "Apple Development";
				CODE_SIGN_STYLE = Automatic;
				CURRENT_PROJECT_VERSION = 1;
				DEVELOPMENT_TEAM = PDWNRK423C;
				ENABLE_PREVIEWS = YES;
				GENERATE_INFOPLIST_FILE = YES;
				INFOPLIST_FILE = Adblock/Info.plist;
				INFOPLIST_KEY_UIApplicationSceneManifest_Generation = YES;
				INFOPLIST_KEY_UIApplicationSupportsIndirectInputEvents = YES;
				INFOPLIST_KEY_UILaunchScreen_Generation = YES;
				INFOPLIST_KEY_UISupportedInterfaceOrientations = UIInterfaceOrientationPortrait;
				IPHONEOS_DEPLOYMENT_TARGET = 16;
				LD_RUNPATH_SEARCH_PATHS = (
					"$(inherited)",
					"@executable_path/Frameworks",
				);
				MARKETING_VERSION = 1.0;
				PRODUCT_BUNDLE_IDENTIFIER = test.com.adblock;
				PRODUCT_NAME = "$(TARGET_NAME)";
				PROVISIONING_PROFILE_SPECIFIER = "";
				STRING_CATALOG_GENERATE_SYMBOLS = YES;
				SUPPORTED_PLATFORMS = "iphoneos iphonesimulator";
				SUPPORTS_MACCATALYST = NO;
				SUPPORTS_MAC_DESIGNED_FOR_IPHONE_IPAD = NO;
				SUPPORTS_XR_DESIGNED_FOR_IPHONE_IPAD = NO;
				SWIFT_APPROACHABLE_CONCURRENCY = YES;
				SWIFT_DEFAULT_ACTOR_ISOLATION = MainActor;
				SWIFT_EMIT_LOC_STRINGS = YES;
				SWIFT_UPCOMING_FEATURE_MEMBER_IMPORT_VISIBILITY = YES;
				SWIFT_VERSION = 5.0;
				TARGETED_DEVICE_FAMILY = 1;
			};
			name = Debug;
		};
		3ECB17B12F2E265A00B28404 /* Release */ = {
			isa = XCBuildConfiguration;
			buildSettings = {
				ASSETCATALOG_COMPILER_APPICON_NAME = AppIcon;
				ASSETCATALOG_COMPILER_GLOBAL_ACCENT_COLOR_NAME = AccentColor;
				CODE_SIGN_ENTITLEMENTS = Adblock/Adblock.entitlements;
				CODE_SIGN_IDENTITY = "Apple Development";
				CODE_SIGN_STYLE = Automatic;
				CURRENT_PROJECT_VERSION = 1;
				DEVELOPMENT_TEAM = PDWNRK423C;
				ENABLE_PREVIEWS = YES;
				GENERATE_INFOPLIST_FILE = YES;
				INFOPLIST_FILE = Adblock/Info.plist;
				INFOPLIST_KEY_UIApplicationSceneManifest_Generation = YES;
				INFOPLIST_KEY_UIApplicationSupportsIndirectInputEvents = YES;
				INFOPLIST_KEY_UILaunchScreen_Generation = YES;
				INFOPLIST_KEY_UISupportedInterfaceOrientations = UIInterfaceOrientationPortrait;
				IPHONEOS_DEPLOYMENT_TARGET = 16;
				LD_RUNPATH_SEARCH_PATHS = (
					"$(inherited)",
					"@executable_path/Frameworks",
				);
				MARKETING_VERSION = 1.0;
				PRODUCT_BUNDLE_IDENTIFIER = test.com.adblock;
				PRODUCT_NAME = "$(TARGET_NAME)";
				PROVISIONING_PROFILE_SPECIFIER = "";
				STRING_CATALOG_GENERATE_SYMBOLS = YES;
				SUPPORTED_PLATFORMS = "iphoneos iphonesimulator";
				SUPPORTS_MACCATALYST = NO;
				SUPPORTS_MAC_DESIGNED_FOR_IPHONE_IPAD = NO;
				SUPPORTS_XR_DESIGNED_FOR_IPHONE_IPAD = NO;
				SWIFT_APPROACHABLE_CONCURRENCY = YES;
				SWIFT_DEFAULT_ACTOR_ISOLATION = MainActor;
				SWIFT_EMIT_LOC_STRINGS = YES;
				SWIFT_UPCOMING_FEATURE_MEMBER_IMPORT_VISIBILITY = YES;
				SWIFT_VERSION = 5.0;
				TARGETED_DEVICE_FAMILY = 1;
			};
			name = Release;
		};
/* End XCBuildConfiguration section */

/* Begin XCConfigurationList section */
		3E6FC6462F33BB3B0068A4A5 /* Build configuration list for PBXNativeTarget "AdblockSafariExtension" */ = {
			isa = XCConfigurationList;
			buildConfigurations = (
				3E6FC6472F33BB3B0068A4A5 /* Debug */,
				3E6FC6482F33BB3B0068A4A5 /* Release */,
			);
			defaultConfigurationIsVisible = 0;
			defaultConfigurationName = Release;
		};
		3ECB179F2F2E265900B28404 /* Build configuration list for PBXProject "Adblock" */ = {
			isa = XCConfigurationList;
			buildConfigurations = (
				3ECB17AD2F2E265A00B28404 /* Debug */,
				3ECB17AE2F2E265A00B28404 /* Release */,
			);
			defaultConfigurationIsVisible = 0;
			defaultConfigurationName = Release;
		};
		3ECB17AF2F2E265A00B28404 /* Build configuration list for PBXNativeTarget "Adblock" */ = {
			isa = XCConfigurationList;
			buildConfigurations = (
				3ECB17B02F2E265A00B28404 /* Debug */,
				3ECB17B12F2E265A00B28404 /* Release */,
			);
			defaultConfigurationIsVisible = 0;
			defaultConfigurationName = Release;
		};
/* End XCConfigurationList section */
	};
	rootObject = 3ECB179C2F2E265900B28404 /* Project object */;
}
